
Microsoft Visual Studio Solution File, Format Version 12.00
# Visual Studio Version 17
VisualStudioVersion = 17.7.34202.233
MinimumVisualStudioVersion = 10.0.40219.1
Project("{FAE04EC0-301F-11D3-BF4B-00C04F79EFBC}") = "EducationApp", "EducationApp.csproj", "{1C7BEA77-C443-4F11-89B2-089FE0F1444B}"
EndProject
Project("{FAE04EC0-301F-11D3-BF4B-00C04F79EFBC}") = "EducationTest", "..\EducationTest\EducationTest.csproj", "{2D7193C8-172B-4AEB-9DF9-46FA8B97952D}"
EndProject
Global
	GlobalSection(SolutionConfigurationPlatforms) = preSolution
		Debug|Any CPU = Debug|Any CPU
		Release|Any CPU = Release|Any CPU
	EndGlobalSection
	GlobalSection(ProjectConfigurationPlatforms) = postSolution
		{1C7BEA77-C443-4F11-89B2-089FE0F1444B}.Debug|Any CPU.ActiveCfg = Debug|Any CPU
		{1C7BEA77-C443-4F11-89B2-089FE0F1444B}.Debug|Any CPU.Build.0 = Debug|Any CPU
		{1C7BEA77-C443-4F11-89B2-089FE0F1444B}.Release|Any CPU.ActiveCfg = Release|Any CPU
		{1C7BEA77-C443-4F11-89B2-089FE0F1444B}.Release|Any CPU.Build.0 = Release|Any CPU
		{2D7193C8-172B-4AEB-9DF9-46FA8B97952D}.Debug|Any CPU.ActiveCfg = Debug|Any CPU
		{2D7193C8-172B-4AEB-9DF9-46FA8B97952D}.Debug|Any CPU.Build.0 = Debug|Any CPU
		{2D7193C8-172B-4AEB-9DF9-46FA8B97952D}.Release|Any CPU.ActiveCfg = Release|Any CPU
		{2D7193C8-172B-4AEB-9DF9-46FA8B97952D}.Release|Any CPU.Build.0 = Release|Any CPU
	EndGlobalSection
	GlobalSection(SolutionProperties) = preSolution
		HideSolutionNode = FALSE
	EndGlobalSection
	GlobalSection(ExtensibilityGlobals) = postSolution
		SolutionGuid = {EC64F835-8B63-4EC9-AB19-F0778251A9DE}
	EndGlobalSection
EndGlobal
